
Microsoft Visual Studio Solution File, Format Version 12.00
# Visual Studio Version 17
VisualStudioVersion = 17.7.34031.279
MinimumVisualStudioVersion = 10.0.40219.1
Project("{9A19103F-16F7-4668-BE54-9A1E7A4F7556}") = "sourcegenerator", "sourcegenerator\sourcegenerator.csproj", "{03AF7474-125D-45A2-B795-7FFDE0F82251}"
EndProject
Project("{9A19103F-16F7-4668-BE54-9A1E7A4F7556}") = "sourcegenerator.app", "sourcegenerator.app\sourcegenerator.app.csproj", "{4D0074CD-0E85-425E-8996-BBFAFABA0DEC}"
EndProject
Project("{9A19103F-16F7-4668-BE54-9A1E7A4F7556}") = "DemoLibrary", "DemoLibrary\DemoLibrary.csproj", "{23253057-C16C-4B91-8C8F-86A33FA5741B}"
EndProject
Global
	GlobalSection(SolutionConfigurationPlatforms) = preSolution
		Debug|Any CPU = Debug|Any CPU
		Release|Any CPU = Release|Any CPU
	EndGlobalSection
	GlobalSection(ProjectConfigurationPlatforms) = postSolution
		{03AF7474-125D-45A2-B795-7FFDE0F82251}.Debug|Any CPU.ActiveCfg = Debug|Any CPU
		{03AF7474-125D-45A2-B795-7FFDE0F82251}.Debug|Any CPU.Build.0 = Debug|Any CPU
		{03AF7474-125D-45A2-B795-7FFDE0F82251}.Release|Any CPU.ActiveCfg = Release|Any CPU
		{03AF7474-125D-45A2-B795-7FFDE0F82251}.Release|Any CPU.Build.0 = Release|Any CPU
		{4D0074CD-0E85-425E-8996-BBFAFABA0DEC}.Debug|Any CPU.ActiveCfg = Debug|Any CPU
		{4D0074CD-0E85-425E-8996-BBFAFABA0DEC}.Debug|Any CPU.Build.0 = Debug|Any CPU
		{4D0074CD-0E85-425E-8996-BBFAFABA0DEC}.Release|Any CPU.ActiveCfg = Release|Any CPU
		{4D0074CD-0E85-425E-8996-BBFAFABA0DEC}.Release|Any CPU.Build.0 = Release|Any CPU
		{23253057-C16C-4B91-8C8F-86A33FA5741B}.Debug|Any CPU.ActiveCfg = Debug|Any CPU
		{23253057-C16C-4B91-8C8F-86A33FA5741B}.Debug|Any CPU.Build.0 = Debug|Any CPU
		{23253057-C16C-4B91-8C8F-86A33FA5741B}.Release|Any CPU.ActiveCfg = Release|Any CPU
		{23253057-C16C-4B91-8C8F-86A33FA5741B}.Release|Any CPU.Build.0 = Release|Any CPU
	EndGlobalSection
	GlobalSection(SolutionProperties) = preSolution
		HideSolutionNode = FALSE
	EndGlobalSection
	GlobalSection(ExtensibilityGlobals) = postSolution
		SolutionGuid = {3C7FC7B2-CB18-46AD-B152-B18D98396BF6}
	EndGlobalSection
EndGlobal
